
Microsoft Visual Studio Solution File, Format Version 12.00
# Visual Studio Version 17
VisualStudioVersion = 17.7.34031.279
MinimumVisualStudioVersion = 10.0.40219.1
Project("{2150E333-8FDC-42A3-9474-1A3956D46DE8}") = "docs", "docs", "{E233B34F-2A76-4B95-BA73-0125E5BDF5F8}"
	ProjectSection(SolutionItems) = preProject
		Readme.md = Readme.md
	EndProjectSection
EndProject
Project("{2150E333-8FDC-42A3-9474-1A3956D46DE8}") = "src", "src", "{B387A783-6DD0-48D0-998C-D87BF8C10439}"
EndProject
Project("{2150E333-8FDC-42A3-9474-1A3956D46DE8}") = "test", "test", "{936C389C-957F-4FFA-B233-B9B92B50CD47}"
EndProject
Project("{2150E333-8FDC-42A3-9474-1A3956D46DE8}") = "ConsoleApp", "ConsoleApp", "{64D6EF1B-758B-4581-9495-6CD24E21006B}"
EndProject
Project("{2150E333-8FDC-42A3-9474-1A3956D46DE8}") = "Models", "Models", "{D6EE2447-AFEB-450E-8564-8A31A2AF454B}"
EndProject
Project("{9A19103F-16F7-4668-BE54-9A1E7A4F7556}") = "PetStore.ConsoleApp", "PetStore.ConsoleApp\PetStore.ConsoleApp.csproj", "{2DEF4D55-302C-4583-8412-1EDEB065E37C}"
EndProject
Project("{9A19103F-16F7-4668-BE54-9A1E7A4F7556}") = "PetStore.Models", "PetStore.Models\PetStore.Models.csproj", "{11AA1ACE-DA0B-4767-8C5F-F92B6387054E}"
EndProject
Project("{9A19103F-16F7-4668-BE54-9A1E7A4F7556}") = "PetStore.UnitTest", "PetStore.UnitTest\PetStore.UnitTest.csproj", "{6D55E09E-0B67-4A5D-84CF-0969631BD05C}"
EndProject
Project("{2150E333-8FDC-42A3-9474-1A3956D46DE8}") = "screenshots", "screenshots", "{C073B13D-D90A-406C-998C-03234FA54E00}"
EndProject
Global
	GlobalSection(SolutionConfigurationPlatforms) = preSolution
		Debug|Any CPU = Debug|Any CPU
		Release|Any CPU = Release|Any CPU
	EndGlobalSection
	GlobalSection(ProjectConfigurationPlatforms) = postSolution
		{2DEF4D55-302C-4583-8412-1EDEB065E37C}.Debug|Any CPU.ActiveCfg = Debug|Any CPU
		{2DEF4D55-302C-4583-8412-1EDEB065E37C}.Debug|Any CPU.Build.0 = Debug|Any CPU
		{2DEF4D55-302C-4583-8412-1EDEB065E37C}.Release|Any CPU.ActiveCfg = Release|Any CPU
		{2DEF4D55-302C-4583-8412-1EDEB065E37C}.Release|Any CPU.Build.0 = Release|Any CPU
		{11AA1ACE-DA0B-4767-8C5F-F92B6387054E}.Debug|Any CPU.ActiveCfg = Debug|Any CPU
		{11AA1ACE-DA0B-4767-8C5F-F92B6387054E}.Debug|Any CPU.Build.0 = Debug|Any CPU
		{11AA1ACE-DA0B-4767-8C5F-F92B6387054E}.Release|Any CPU.ActiveCfg = Release|Any CPU
		{11AA1ACE-DA0B-4767-8C5F-F92B6387054E}.Release|Any CPU.Build.0 = Release|Any CPU
		{6D55E09E-0B67-4A5D-84CF-0969631BD05C}.Debug|Any CPU.ActiveCfg = Debug|Any CPU
		{6D55E09E-0B67-4A5D-84CF-0969631BD05C}.Debug|Any CPU.Build.0 = Debug|Any CPU
		{6D55E09E-0B67-4A5D-84CF-0969631BD05C}.Release|Any CPU.ActiveCfg = Release|Any CPU
		{6D55E09E-0B67-4A5D-84CF-0969631BD05C}.Release|Any CPU.Build.0 = Release|Any CPU
	EndGlobalSection
	GlobalSection(SolutionProperties) = preSolution
		HideSolutionNode = FALSE
	EndGlobalSection
	GlobalSection(NestedProjects) = preSolution
		{64D6EF1B-758B-4581-9495-6CD24E21006B} = {B387A783-6DD0-48D0-998C-D87BF8C10439}
		{D6EE2447-AFEB-450E-8564-8A31A2AF454B} = {B387A783-6DD0-48D0-998C-D87BF8C10439}
		{2DEF4D55-302C-4583-8412-1EDEB065E37C} = {64D6EF1B-758B-4581-9495-6CD24E21006B}
		{11AA1ACE-DA0B-4767-8C5F-F92B6387054E} = {D6EE2447-AFEB-450E-8564-8A31A2AF454B}
		{6D55E09E-0B67-4A5D-84CF-0969631BD05C} = {936C389C-957F-4FFA-B233-B9B92B50CD47}
		{C073B13D-D90A-406C-998C-03234FA54E00} = {E233B34F-2A76-4B95-BA73-0125E5BDF5F8}
	EndGlobalSection
	GlobalSection(ExtensibilityGlobals) = postSolution
		SolutionGuid = {FF6E1854-1705-4830-80BB-643D45CC9DDA}
	EndGlobalSection
EndGlobal
